// !$*UTF8*$!
{
	archiveVersion = 1;
	classes = {
	};
	objectVersion = 77;
	objects = {

/* Begin PBXBuildFile section */
		2A3B2A9E2ED81EB500317D6D /* ISEmojiView in Frameworks */ = {isa = PBXBuildFile; productRef = 2A3B2A9D2ED81EB500317D6D /* ISEmojiView */; };
		2A3B2AA02ED81ECB00317D6D /* ISEmojiView in Frameworks */ = {isa = PBXBuildFile; productRef = 2A3B2A9F2ED81ECB00317D6D /* ISEmojiView */; };
		F3264F8C2E523BCF002E99A4 /* KeyboardKit in Frameworks */ = {isa = PBXBuildFile; productRef = F3264F8B2E523BCF002E99A4 /* KeyboardKit */; };
		F32651AB2E5247FA002E99A4 /* KeyboardKit in Frameworks */ = {isa = PBXBuildFile; productRef = F32651AA2E5247FA002E99A4 /* KeyboardKit */; };
		F32651AE2E524AA8002E99A4 /* TaigiKeyboardExtension.appex in Embed Foundation Extensions */ = {isa = PBXBuildFile; fileRef = F32651AC2E524A0F002E99A4 /* TaigiKeyboardExtension.appex */; settings = {ATTRIBUTES = (RemoveHeadersOnCopy, ); }; };
/* End PBXBuildFile section */

/* Begin PBXBuildRule section */
		2A5AE35E2E560D0D0092C495 /* PBXBuildRule */ = {
			isa = PBXBuildRule;
			compilerSpec = com.apple.compilers.proxy.script;
			fileType = pattern.proxy;
			inputFiles = (
			);
			isEditable = 1;
			outputFiles = (
			);
			script = "# Type a script or drag a script file from your workspace to insert its path.\n";
		};
		2A5AE35F2E560D180092C495 /* PBXBuildRule */ = {
			isa = PBXBuildRule;
			compilerSpec = com.apple.compilers.proxy.script;
			fileType = pattern.proxy;
			inputFiles = (
			);
			isEditable = 1;
			outputFiles = (
			);
			script = "# Type a script or drag a script file from your workspace to insert its path.\n";
		};
		2A5AE3602E560D180092C495 /* PBXBuildRule */ = {
			isa = PBXBuildRule;
			compilerSpec = com.apple.compilers.proxy.script;
			fileType = pattern.proxy;
			inputFiles = (
			);
			isEditable = 1;
			outputFiles = (
			);
			script = "# Type a script or drag a script file from your workspace to insert its path.\n";
		};
/* End PBXBuildRule section */

/* Begin PBXContainerItemProxy section */
		F32651AF2E524AA8002E99A4 /* PBXContainerItemProxy */ = {
			isa = PBXContainerItemProxy;
			containerPortal = F3026C0B2E2DFEA8002F7E94 /* Project object */;
			proxyType = 1;
			remoteGlobalIDString = F3264F692E523B37002E99A4;
			remoteInfo = POJKeyboardExtension;
		};
/* End PBXContainerItemProxy section */

/* Begin PBXCopyFilesBuildPhase section */
		F32651B12E524AA8002E99A4 /* Embed Foundation Extensions */ = {
			isa = PBXCopyFilesBuildPhase;
			buildActionMask = 2147483647;
			dstPath = "";
			dstSubfolderSpec = 13;
			files = (
				F32651AE2E524AA8002E99A4 /* TaigiKeyboardExtension.appex in Embed Foundation Extensions */,
			);
			name = "Embed Foundation Extensions";
			runOnlyForDeploymentPostprocessing = 0;
		};
/* End PBXCopyFilesBuildPhase section */

/* Begin PBXFileReference section */
		F32651A42E5243C0002E99A4 /* TaigiKeyboard.app */ = {isa = PBXFileReference; explicitFileType = wrapper.application; includeInIndex = 0; path = TaigiKeyboard.app; sourceTree = BUILT_PRODUCTS_DIR; };
		F32651AC2E524A0F002E99A4 /* TaigiKeyboardExtension.appex */ = {isa = PBXFileReference; explicitFileType = "wrapper.app-extension"; includeInIndex = 0; path = TaigiKeyboardExtension.appex; sourceTree = BUILT_PRODUCTS_DIR; };
/* End PBXFileReference section */

/* Begin PBXFileSystemSynchronizedBuildFileExceptionSet section */
		2A1FCDD22EAFCADE009F2800 /* Exceptions for "App" folder in "TaigiKeyboard" target */ = {
			isa = PBXFileSystemSynchronizedBuildFileExceptionSet;
			membershipExceptions = (
				"/Localized: InfoPlist.strings",
			);
			target = F3264F092E5238AD002E99A4 /* TaigiKeyboard */;
		};
		2A28832B2EAF0E2B00AE3C75 /* Exceptions for "_Keyboard" folder in "TaigiKeyboardExtension" target */ = {
			isa = PBXFileSystemSynchronizedBuildFileExceptionSet;
			membershipExceptions = (
				"/Localized: InfoPlist.strings",
				Info.plist,
			);
			target = F3264F692E523B37002E99A4 /* TaigiKeyboardExtension */;
		};
		2A8F06392EB351E700FDB5DE /* Exceptions for "Input" folder in "TaigiKeyboard" target */ = {
			isa = PBXFileSystemSynchronizedBuildFileExceptionSet;
			membershipExceptions = (
				Tone/ToneMappings.swift,
				Tone/ToneUtilities.swift,
			);
			target = F3264F092E5238AD002E99A4 /* TaigiKeyboard */;
		};
		F3F3C9282E8969170050BE44 /* Exceptions for "Resources/Fonts" folder in "TaigiKeyboardExtension" target */ = {
			isa = PBXFileSystemSynchronizedBuildFileExceptionSet;
			membershipExceptions = (
				OFL.txt,
			);
			target = F3264F692E523B37002E99A4 /* TaigiKeyboardExtension */;
		};
/* End PBXFileSystemSynchronizedBuildFileExceptionSet section */

/* Begin PBXFileSystemSynchronizedRootGroup section */
		2A2882BA2EAF0CE100AE3C75 /* _Keyboard */ = {
			isa = PBXFileSystemSynchronizedRootGroup;
			exceptions = (
				2A28832B2EAF0E2B00AE3C75 /* Exceptions for "_Keyboard" folder in "TaigiKeyboardExtension" target */,
			);
			name = _Keyboard;
			path = Sources/TaigiKeyboard/_Keyboard;
			sourceTree = "<group>";
		};
		2A2882C02EAF0D0500AE3C75 /* Actions */ = {
			isa = PBXFileSystemSynchronizedRootGroup;
			name = Actions;
			path = Sources/TaigiKeyboard/Actions;
			sourceTree = "<group>";
		};
		2A2882DE2EAF0D2F00AE3C75 /* Autocomplete */ = {
			isa = PBXFileSystemSynchronizedRootGroup;
			name = Autocomplete;
			path = Sources/TaigiKeyboard/Autocomplete;
			sourceTree = "<group>";
		};
		2A2882E42EAF0D3D00AE3C75 /* Callouts */ = {
			isa = PBXFileSystemSynchronizedRootGroup;
			name = Callouts;
			path = Sources/TaigiKeyboard/Callouts;
			sourceTree = "<group>";
		};
		2A2882E72EAF0D4E00AE3C75 /* Contact */ = {
			isa = PBXFileSystemSynchronizedRootGroup;
			name = Contact;
			path = Sources/TaigiKeyboard/Contact;
			sourceTree = "<group>";
		};
		2A2882EA2EAF0D6500AE3C75 /* Copyright */ = {
			isa = PBXFileSystemSynchronizedRootGroup;
			name = Copyright;
			path = Sources/TaigiKeyboard/Copyright;
			sourceTree = "<group>";
		};
		2A2882ED2EAF0D7D00AE3C75 /* Emojis */ = {
			isa = PBXFileSystemSynchronizedRootGroup;
			name = Emojis;
			path = Sources/TaigiKeyboard/Emojis;
			sourceTree = "<group>";
		};
		2A2882F42EAF0D8F00AE3C75 /* Input */ = {
			isa = PBXFileSystemSynchronizedRootGroup;
			exceptions = (
				2A8F06392EB351E700FDB5DE /* Exceptions for "Input" folder in "TaigiKeyboard" target */,
			);
			name = Input;
			path = Sources/TaigiKeyboard/Input;
			sourceTree = "<group>";
		};
		2A2882FB2EAF0DA000AE3C75 /* Layout */ = {
			isa = PBXFileSystemSynchronizedRootGroup;
			name = Layout;
			path = Sources/TaigiKeyboard/Layout;
			sourceTree = "<group>";
		};
		2A2882FF2EAF0DAE00AE3C75 /* Lexicon */ = {
			isa = PBXFileSystemSynchronizedRootGroup;
			name = Lexicon;
			path = Sources/TaigiKeyboard/Lexicon;
			sourceTree = "<group>";
		};
		2A2883032EAF0DBE00AE3C75 /* Localization */ = {
			isa = PBXFileSystemSynchronizedRootGroup;
			name = Localization;
			path = Sources/TaigiKeyboard/Localization;
			sourceTree = "<group>";
		};
		2A28830F2EAF0DCF00AE3C75 /* Onboarding */ = {
			isa = PBXFileSystemSynchronizedRootGroup;
			name = Onboarding;
			path = Sources/TaigiKeyboard/Onboarding;
			sourceTree = "<group>";
		};
		2A28831B2EAF0DDE00AE3C75 /* Settings */ = {
			isa = PBXFileSystemSynchronizedRootGroup;
			name = Settings;
			path = Sources/TaigiKeyboard/Settings;
			sourceTree = "<group>";
		};
		2A2883262EAF0E0400AE3C75 /* Styling */ = {
			isa = PBXFileSystemSynchronizedRootGroup;
			name = Styling;
			path = Sources/TaigiKeyboard/Styling;
			sourceTree = "<group>";
		};
		2A4FAF3D2EAF131B006E37A8 /* Theme */ = {
			isa = PBXFileSystemSynchronizedRootGroup;
			name = Theme;
			path = Sources/TaigiKeyboard/Theme;
			sourceTree = "<group>";
		};
		2A4FAF492EAF137B006E37A8 /* App */ = {
			isa = PBXFileSystemSynchronizedRootGroup;
			exceptions = (
				2A1FCDD22EAFCADE009F2800 /* Exceptions for "App" folder in "TaigiKeyboard" target */,
			);
			name = App;
			path = Sources/TaigiKeyboard/App;
			sourceTree = "<group>";
		};
		F35436232E5C43680004DFAB /* Resources/Fonts */ = {
			isa = PBXFileSystemSynchronizedRootGroup;
			exceptions = (
				F3F3C9282E8969170050BE44 /* Exceptions for "Resources/Fonts" folder in "TaigiKeyboardExtension" target */,
			);
			path = Resources/Fonts;
			sourceTree = "<group>";
		};
		F354362F2E5C437C0004DFAB /* Resources/Dictionaries */ = {
			isa = PBXFileSystemSynchronizedRootGroup;
			path = Resources/Dictionaries;
			sourceTree = "<group>";
		};
		F3B59AE82EC8FD0900CD5052 /* UserGuide */ = {
			isa = PBXFileSystemSynchronizedRootGroup;
			name = UserGuide;
			path = Sources/TaigiKeyboard/UserGuide;
			sourceTree = "<group>";
		};
/* End PBXFileSystemSynchronizedRootGroup section */

/* Begin PBXFrameworksBuildPhase section */
		F3264F072E5238AD002E99A4 /* Frameworks */ = {
			isa = PBXFrameworksBuildPhase;
			buildActionMask = 2147483647;
			files = (
				2A3B2A9E2ED81EB500317D6D /* ISEmojiView in Frameworks */,
				F3264F8C2E523BCF002E99A4 /* KeyboardKit in Frameworks */,
			);
			runOnlyForDeploymentPostprocessing = 0;
		};
		F3264F672E523B37002E99A4 /* Frameworks */ = {
			isa = PBXFrameworksBuildPhase;
			buildActionMask = 2147483647;
			files = (
				2A3B2AA02ED81ECB00317D6D /* ISEmojiView in Frameworks */,
				F32651AB2E5247FA002E99A4 /* KeyboardKit in Frameworks */,
			);
			runOnlyForDeploymentPostprocessing = 0;
		};
/* End PBXFrameworksBuildPhase section */

/* Begin PBXGroup section */
		F3026C0A2E2DFEA8002F7E94 = {
			isa = PBXGroup;
			children = (
				2A2882BA2EAF0CE100AE3C75 /* _Keyboard */,
				2A2882C02EAF0D0500AE3C75 /* Actions */,
				2A4FAF492EAF137B006E37A8 /* App */,
				2A2882DE2EAF0D2F00AE3C75 /* Autocomplete */,
				2A2882E42EAF0D3D00AE3C75 /* Callouts */,
				2A2882E72EAF0D4E00AE3C75 /* Contact */,
				2A2882EA2EAF0D6500AE3C75 /* Copyright */,
				2A2882ED2EAF0D7D00AE3C75 /* Emojis */,
				2A2882F42EAF0D8F00AE3C75 /* Input */,
				2A2882FB2EAF0DA000AE3C75 /* Layout */,
				2A2882FF2EAF0DAE00AE3C75 /* Lexicon */,
				2A2883032EAF0DBE00AE3C75 /* Localization */,
				2A28830F2EAF0DCF00AE3C75 /* Onboarding */,
				F354362F2E5C437C0004DFAB /* Resources/Dictionaries */,
				F35436232E5C43680004DFAB /* Resources/Fonts */,
				2A28831B2EAF0DDE00AE3C75 /* Settings */,
				2A2883262EAF0E0400AE3C75 /* Styling */,
				F32651A42E5243C0002E99A4 /* TaigiKeyboard.app */,
				F32651AC2E524A0F002E99A4 /* TaigiKeyboardExtension.appex */,
				2A4FAF3D2EAF131B006E37A8 /* Theme */,
				F3B59AE82EC8FD0900CD5052 /* UserGuide */,
			);
			sourceTree = "<group>";
		};
/* End PBXGroup section */

/* Begin PBXNativeTarget section */
		F3264F092E5238AD002E99A4 /* TaigiKeyboard */ = {
			isa = PBXNativeTarget;
			buildConfigurationList = F3264F142E5238AE002E99A4 /* Build configuration list for PBXNativeTarget "TaigiKeyboard" */;
			buildPhases = (
				F3264F062E5238AD002E99A4 /* Sources */,
				F3264F072E5238AD002E99A4 /* Frameworks */,
				F3264F082E5238AD002E99A4 /* Resources */,
				F32651B12E524AA8002E99A4 /* Embed Foundation Extensions */,
			);
			buildRules = (
				2A5AE3602E560D180092C495 /* PBXBuildRule */,
				2A5AE35F2E560D180092C495 /* PBXBuildRule */,
				2A5AE35E2E560D0D0092C495 /* PBXBuildRule */,
			);
			dependencies = (
				F32651B02E524AA8002E99A4 /* PBXTargetDependency */,
			);
			fileSystemSynchronizedGroups = (
				2A2882E72EAF0D4E00AE3C75 /* Contact */,
				2A2882EA2EAF0D6500AE3C75 /* Copyright */,
				2A2882FF2EAF0DAE00AE3C75 /* Lexicon */,
				2A2883032EAF0DBE00AE3C75 /* Localization */,
				2A28830F2EAF0DCF00AE3C75 /* Onboarding */,
				2A28831B2EAF0DDE00AE3C75 /* Settings */,
				2A4FAF3D2EAF131B006E37A8 /* Theme */,
				2A4FAF492EAF137B006E37A8 /* App */,
				F3B59AE82EC8FD0900CD5052 /* UserGuide */,
			);
			name = TaigiKeyboard;
			packageProductDependencies = (
				F3264F8B2E523BCF002E99A4 /* KeyboardKit */,
				2A3B2A9D2ED81EB500317D6D /* ISEmojiView */,
			);
			productName = POJKeyboard;
			productReference = F32651A42E5243C0002E99A4 /* TaigiKeyboard.app */;
			productType = "com.apple.product-type.application";
		};
		F3264F692E523B37002E99A4 /* TaigiKeyboardExtension */ = {
			isa = PBXNativeTarget;
			buildConfigurationList = F3264F702E523B37002E99A4 /* Build configuration list for PBXNativeTarget "TaigiKeyboardExtension" */;
			buildPhases = (
				F3264F662E523B37002E99A4 /* Sources */,
				F3264F672E523B37002E99A4 /* Frameworks */,
				F3264F682E523B37002E99A4 /* Resources */,
			);
			buildRules = (
			);
			dependencies = (
			);
			fileSystemSynchronizedGroups = (
				2A2882BA2EAF0CE100AE3C75 /* _Keyboard */,
				2A2882C02EAF0D0500AE3C75 /* Actions */,
				2A2882DE2EAF0D2F00AE3C75 /* Autocomplete */,
				2A2882E42EAF0D3D00AE3C75 /* Callouts */,
				2A2882ED2EAF0D7D00AE3C75 /* Emojis */,
				2A2882F42EAF0D8F00AE3C75 /* Input */,
				2A2882FB2EAF0DA000AE3C75 /* Layout */,
				2A2882FF2EAF0DAE00AE3C75 /* Lexicon */,
				2A2883032EAF0DBE00AE3C75 /* Localization */,
				2A28831B2EAF0DDE00AE3C75 /* Settings */,
				2A2883262EAF0E0400AE3C75 /* Styling */,
				2A4FAF3D2EAF131B006E37A8 /* Theme */,
				F35436232E5C43680004DFAB /* Resources/Fonts */,
				F354362F2E5C437C0004DFAB /* Resources/Dictionaries */,
			);
			name = TaigiKeyboardExtension;
			packageProductDependencies = (
				F32651AA2E5247FA002E99A4 /* KeyboardKit */,
				2A3B2A9F2ED81ECB00317D6D /* ISEmojiView */,
			);
			productName = POJKeyboardExtension;
			productReference = F32651AC2E524A0F002E99A4 /* TaigiKeyboardExtension.appex */;
			productType = "com.apple.product-type.app-extension";
		};
/* End PBXNativeTarget section */

/* Begin PBXProject section */
		F3026C0B2E2DFEA8002F7E94 /* Project object */ = {
			isa = PBXProject;
			attributes = {
				BuildIndependentTargetsInParallel = 1;
				LastSwiftUpdateCheck = 1640;
				LastUpgradeCheck = 2600;
				TargetAttributes = {
					F3264F092E5238AD002E99A4 = {
						CreatedOnToolsVersion = 16.4;
					};
					F3264F692E523B37002E99A4 = {
						CreatedOnToolsVersion = 16.4;
					};
				};
			};
			buildConfigurationList = F3026C0E2E2DFEA8002F7E94 /* Build configuration list for PBXProject "TaigiKeyboard" */;
			developmentRegion = en;
			hasScannedForEncodings = 0;
			knownRegions = (
				en,
				Base,
				smn,
				de,
				cv,
				ar,
				el,
				fa,
				mk,
				sq,
				uk,
				mt,
				nb,
				es,
				sw,
				is,
				sl,
				pt_BR,
				da,
				et,
				it,
				bg,
				sk,
				"sr-Latn",
				kk,
				pt_PT,
				sr,
				ms,
				be,
				ckb,
				sv,
				cs,
				he_IL,
				fil,
				hy,
				chr,
				tg,
				mn,
				hu,
				ka,
				haw,
				tr,
				pl,
				se,
				vi,
				ga_IE,
				lv,
				lt,
				ru,
				cy,
				uz,
				fr,
				fi,
				id,
				nl,
				az,
				nn,
				bn,
				ro,
				fo,
				hr,
				ca,
				"zh-Hant",
			);
			mainGroup = F3026C0A2E2DFEA8002F7E94;
			minimizedProjectReferenceProxies = 1;
			packageReferences = (
				F3026C4E2E2DFF19002F7E94 /* XCRemoteSwiftPackageReference "KeyboardKit" */,
				2A3B2A9C2ED81EB500317D6D /* XCRemoteSwiftPackageReference "ISEmojiView" */,
			);
			preferredProjectObjectVersion = 77;
			productRefGroup = F3026C0A2E2DFEA8002F7E94;
			projectDirPath = "";
			projectRoot = "";
			targets = (
				F3264F092E5238AD002E99A4 /* TaigiKeyboard */,
				F3264F692E523B37002E99A4 /* TaigiKeyboardExtension */,
			);
		};
/* End PBXProject section */

/* Begin PBXResourcesBuildPhase section */
		F3264F082E5238AD002E99A4 /* Resources */ = {
			isa = PBXResourcesBuildPhase;
			buildActionMask = 2147483647;
			files = (
			);
			runOnlyForDeploymentPostprocessing = 0;
		};
		F3264F682E523B37002E99A4 /* Resources */ = {
			isa = PBXResourcesBuildPhase;
			buildActionMask = 2147483647;
			files = (
			);
			runOnlyForDeploymentPostprocessing = 0;
		};
/* End PBXResourcesBuildPhase section */

/* Begin PBXSourcesBuildPhase section */
		F3264F062E5238AD002E99A4 /* Sources */ = {
			isa = PBXSourcesBuildPhase;
			buildActionMask = 2147483647;
			files = (
			);
			runOnlyForDeploymentPostprocessing = 0;
		};
		F3264F662E523B37002E99A4 /* Sources */ = {
			isa = PBXSourcesBuildPhase;
			buildActionMask = 2147483647;
			files = (
			);
			runOnlyForDeploymentPostprocessing = 0;
		};
/* End PBXSourcesBuildPhase section */

/* Begin PBXTargetDependency section */
		F32651B02E524AA8002E99A4 /* PBXTargetDependency */ = {
			isa = PBXTargetDependency;
			target = F3264F692E523B37002E99A4 /* TaigiKeyboardExtension */;
			targetProxy = F32651AF2E524AA8002E99A4 /* PBXContainerItemProxy */;
		};
/* End PBXTargetDependency section */

/* Begin XCBuildConfiguration section */
		F3026C322E2DFEA9002F7E94 /* Debug */ = {
			isa = XCBuildConfiguration;
			buildSettings = {
				ALWAYS_SEARCH_USER_PATHS = NO;
				ASSETCATALOG_COMPILER_GENERATE_SWIFT_ASSET_SYMBOL_EXTENSIONS = YES;
				CLANG_ANALYZER_LOCALIZABILITY_NONLOCALIZED = YES;
				CLANG_ANALYZER_NONNULL = YES;
				CLANG_ANALYZER_NUMBER_OBJECT_CONVERSION = YES_AGGRESSIVE;
				CLANG_CXX_LANGUAGE_STANDARD = "gnu++20";
				CLANG_ENABLE_MODULES = YES;
				CLANG_ENABLE_OBJC_ARC = YES;
				CLANG_ENABLE_OBJC_WEAK = YES;
				CLANG_WARN_BLOCK_CAPTURE_AUTORELEASING = YES;
				CLANG_WARN_BOOL_CONVERSION = YES;
				CLANG_WARN_COMMA = YES;
				CLANG_WARN_CONSTANT_CONVERSION = YES;
				CLANG_WARN_DEPRECATED_OBJC_IMPLEMENTATIONS = YES;
				CLANG_WARN_DIRECT_OBJC_ISA_USAGE = YES_ERROR;
				CLANG_WARN_DOCUMENTATION_COMMENTS = YES;
				CLANG_WARN_EMPTY_BODY = YES;
				CLANG_WARN_ENUM_CONVERSION = YES;
				CLANG_WARN_INFINITE_RECURSION = YES;
				CLANG_WARN_INT_CONVERSION = YES;
				CLANG_WARN_NON_LITERAL_NULL_CONVERSION = YES;
				CLANG_WARN_OBJC_IMPLICIT_RETAIN_SELF = YES;
				CLANG_WARN_OBJC_LITERAL_CONVERSION = YES;
				CLANG_WARN_OBJC_ROOT_CLASS = YES_ERROR;
				CLANG_WARN_QUOTED_INCLUDE_IN_FRAMEWORK_HEADER = YES;
				CLANG_WARN_RANGE_LOOP_ANALYSIS = YES;
				CLANG_WARN_STRICT_PROTOTYPES = YES;
				CLANG_WARN_SUSPICIOUS_MOVE = YES;
				CLANG_WARN_UNGUARDED_AVAILABILITY = YES_AGGRESSIVE;
				CLANG_WARN_UNREACHABLE_CODE = YES;
				CLANG_WARN__DUPLICATE_METHOD_MATCH = YES;
				COPY_PHASE_STRIP = NO;
				DEBUG_INFORMATION_FORMAT = dwarf;
				DEVELOPMENT_TEAM = 257NDUUBD3;
				ENABLE_STRICT_OBJC_MSGSEND = YES;
				ENABLE_TESTABILITY = YES;
				ENABLE_USER_SCRIPT_SANDBOXING = YES;
				GCC_C_LANGUAGE_STANDARD = gnu17;
				GCC_DYNAMIC_NO_PIC = NO;
				GCC_NO_COMMON_BLOCKS = YES;
				GCC_OPTIMIZATION_LEVEL = 0;
				GCC_PREPROCESSOR_DEFINITIONS = (
					"DEBUG=1",
					"$(inherited)",
				);
				GCC_WARN_64_TO_32_BIT_CONVERSION = YES;
				GCC_WARN_ABOUT_RETURN_TYPE = YES_ERROR;
				GCC_WARN_UNDECLARED_SELECTOR = YES;
				GCC_WARN_UNINITIALIZED_AUTOS = YES_AGGRESSIVE;
				GCC_WARN_UNUSED_FUNCTION = YES;
				GCC_WARN_UNUSED_VARIABLE = YES;
				IPHONEOS_DEPLOYMENT_TARGET = 17.0;
				LOCALIZATION_PREFERS_STRING_CATALOGS = YES;
				MTL_ENABLE_DEBUG_INFO = INCLUDE_SOURCE;
				MTL_FAST_MATH = YES;
				ONLY_ACTIVE_ARCH = YES;
				SDKROOT = iphoneos;
				STRING_CATALOG_GENERATE_SYMBOLS = YES;
				SWIFT_ACTIVE_COMPILATION_CONDITIONS = "DEBUG $(inherited)";
				SWIFT_OPTIMIZATION_LEVEL = "-Onone";
			};
			name = Debug;
		};
		F3026C332E2DFEA9002F7E94 /* Release */ = {
			isa = XCBuildConfiguration;
			buildSettings = {
				ALWAYS_SEARCH_USER_PATHS = NO;
				ASSETCATALOG_COMPILER_GENERATE_SWIFT_ASSET_SYMBOL_EXTENSIONS = YES;
				CLANG_ANALYZER_LOCALIZABILITY_NONLOCALIZED = YES;
				CLANG_ANALYZER_NONNULL = YES;
				CLANG_ANALYZER_NUMBER_OBJECT_CONVERSION = YES_AGGRESSIVE;
				CLANG_CXX_LANGUAGE_STANDARD = "gnu++20";
				CLANG_ENABLE_MODULES = YES;
				CLANG_ENABLE_OBJC_ARC = YES;
				CLANG_ENABLE_OBJC_WEAK = YES;
				CLANG_WARN_BLOCK_CAPTURE_AUTORELEASING = YES;
				CLANG_WARN_BOOL_CONVERSION = YES;
				CLANG_WARN_COMMA = YES;
				CLANG_WARN_CONSTANT_CONVERSION = YES;
				CLANG_WARN_DEPRECATED_OBJC_IMPLEMENTATIONS = YES;
				CLANG_WARN_DIRECT_OBJC_ISA_USAGE = YES_ERROR;
				CLANG_WARN_DOCUMENTATION_COMMENTS = YES;
				CLANG_WARN_EMPTY_BODY = YES;
				CLANG_WARN_ENUM_CONVERSION = YES;
				CLANG_WARN_INFINITE_RECURSION = YES;
				CLANG_WARN_INT_CONVERSION = YES;
				CLANG_WARN_NON_LITERAL_NULL_CONVERSION = YES;
				CLANG_WARN_OBJC_IMPLICIT_RETAIN_SELF = YES;
				CLANG_WARN_OBJC_LITERAL_CONVERSION = YES;
				CLANG_WARN_OBJC_ROOT_CLASS = YES_ERROR;
				CLANG_WARN_QUOTED_INCLUDE_IN_FRAMEWORK_HEADER = YES;
				CLANG_WARN_RANGE_LOOP_ANALYSIS = YES;
				CLANG_WARN_STRICT_PROTOTYPES = YES;
				CLANG_WARN_SUSPICIOUS_MOVE = YES;
				CLANG_WARN_UNGUARDED_AVAILABILITY = YES_AGGRESSIVE;
				CLANG_WARN_UNREACHABLE_CODE = YES;
				CLANG_WARN__DUPLICATE_METHOD_MATCH = YES;
				COPY_PHASE_STRIP = NO;
				DEBUG_INFORMATION_FORMAT = "dwarf-with-dsym";
				DEVELOPMENT_TEAM = 257NDUUBD3;
				ENABLE_NS_ASSERTIONS = NO;
				ENABLE_STRICT_OBJC_MSGSEND = YES;
				ENABLE_USER_SCRIPT_SANDBOXING = YES;
				GCC_C_LANGUAGE_STANDARD = gnu17;
				GCC_NO_COMMON_BLOCKS = YES;
				GCC_WARN_64_TO_32_BIT_CONVERSION = YES;
				GCC_WARN_ABOUT_RETURN_TYPE = YES_ERROR;
				GCC_WARN_UNDECLARED_SELECTOR = YES;
				GCC_WARN_UNINITIALIZED_AUTOS = YES_AGGRESSIVE;
				GCC_WARN_UNUSED_FUNCTION = YES;
				GCC_WARN_UNUSED_VARIABLE = YES;
				IPHONEOS_DEPLOYMENT_TARGET = 17.0;
				LOCALIZATION_PREFERS_STRING_CATALOGS = YES;
				MTL_ENABLE_DEBUG_INFO = NO;
				MTL_FAST_MATH = YES;
				SDKROOT = iphoneos;
				STRING_CATALOG_GENERATE_SYMBOLS = YES;
				SWIFT_COMPILATION_MODE = wholemodule;
				VALIDATE_PRODUCT = YES;
			};
			name = Release;
		};
		F3264F122E5238AE002E99A4 /* Debug */ = {
			isa = XCBuildConfiguration;
			buildSettings = {
				ASSETCATALOG_COMPILER_APPICON_NAME = AppIcon;
				ASSETCATALOG_COMPILER_GLOBAL_ACCENT_COLOR_NAME = AccentColor;
				CODE_SIGN_ENTITLEMENTS = Sources/TaigiKeyboard.entitlements;
				CODE_SIGN_STYLE = Automatic;
				CURRENT_PROJECT_VERSION = 1;
				DEVELOPMENT_TEAM = 257NDUUBD3;
				ENABLE_PREVIEWS = YES;
				GENERATE_INFOPLIST_FILE = YES;
				INFOPLIST_FILE = "Sources/TaigiKeyboard-Info.plist";
				INFOPLIST_KEY_CFBundleDisplayName = "台語齒盤";
				INFOPLIST_KEY_LSApplicationCategoryType = "public.app-category.utilities";
				INFOPLIST_KEY_UIApplicationSceneManifest_Generation = YES;
				INFOPLIST_KEY_UIApplicationSupportsIndirectInputEvents = YES;
				INFOPLIST_KEY_UILaunchScreen_Generation = YES;
				INFOPLIST_KEY_UISupportedInterfaceOrientations_iPad = "UIInterfaceOrientationPortrait UIInterfaceOrientationPortraitUpsideDown UIInterfaceOrientationLandscapeLeft UIInterfaceOrientationLandscapeRight";
				INFOPLIST_KEY_UISupportedInterfaceOrientations_iPhone = "UIInterfaceOrientationPortrait UIInterfaceOrientationLandscapeLeft UIInterfaceOrientationLandscapeRight";
				LD_RUNPATH_SEARCH_PATHS = (
					"$(inherited)",
					"@executable_path/Frameworks",
				);
				MARKETING_VERSION = 3.3.1;
				PRODUCT_BUNDLE_IDENTIFIER = com.siansiansu.TaigiKeyboard;
				PRODUCT_NAME = "$(TARGET_NAME)";
				SWIFT_EMIT_LOC_STRINGS = YES;
				SWIFT_VERSION = 5.0;
				TARGETED_DEVICE_FAMILY = "1,2";
			};
			name = Debug;
		};
		F3264F132E5238AE002E99A4 /* Release */ = {
			isa = XCBuildConfiguration;
			buildSettings = {
				ASSETCATALOG_COMPILER_APPICON_NAME = AppIcon;
				ASSETCATALOG_COMPILER_GLOBAL_ACCENT_COLOR_NAME = AccentColor;
				CODE_SIGN_ENTITLEMENTS = Sources/TaigiKeyboard.entitlements;
				CODE_SIGN_STYLE = Automatic;
				CURRENT_PROJECT_VERSION = 1;
				DEVELOPMENT_TEAM = 257NDUUBD3;
				ENABLE_PREVIEWS = YES;
				GENERATE_INFOPLIST_FILE = YES;
				INFOPLIST_FILE = "Sources/TaigiKeyboard-Info.plist";
				INFOPLIST_KEY_CFBundleDisplayName = "台語齒盤";
				INFOPLIST_KEY_LSApplicationCategoryType = "public.app-category.utilities";
				INFOPLIST_KEY_UIApplicationSceneManifest_Generation = YES;
				INFOPLIST_KEY_UIApplicationSupportsIndirectInputEvents = YES;
				INFOPLIST_KEY_UILaunchScreen_Generation = YES;
				INFOPLIST_KEY_UISupportedInterfaceOrientations_iPad = "UIInterfaceOrientationPortrait UIInterfaceOrientationPortraitUpsideDown UIInterfaceOrientationLandscapeLeft UIInterfaceOrientationLandscapeRight";
				INFOPLIST_KEY_UISupportedInterfaceOrientations_iPhone = "UIInterfaceOrientationPortrait UIInterfaceOrientationLandscapeLeft UIInterfaceOrientationLandscapeRight";
				LD_RUNPATH_SEARCH_PATHS = (
					"$(inherited)",
					"@executable_path/Frameworks",
				);
				MARKETING_VERSION = 3.3.1;
				PRODUCT_BUNDLE_IDENTIFIER = com.siansiansu.TaigiKeyboard;
				PRODUCT_NAME = "$(TARGET_NAME)";
				SWIFT_EMIT_LOC_STRINGS = YES;
				SWIFT_VERSION = 5.0;
				TARGETED_DEVICE_FAMILY = "1,2";
			};
			name = Release;
		};
		F3264F712E523B37002E99A4 /* Debug */ = {
			isa = XCBuildConfiguration;
			buildSettings = {
				CODE_SIGN_ENTITLEMENTS = Sources/TaigiKeyboardExtension.entitlements;
				CODE_SIGN_STYLE = Automatic;
				CURRENT_PROJECT_VERSION = 1;
				DEVELOPMENT_TEAM = 257NDUUBD3;
				GENERATE_INFOPLIST_FILE = NO;
				INFOPLIST_FILE = Sources/TaigiKeyboard/_Keyboard/Info.plist;
				INFOPLIST_KEY_CFBundleDisplayName = TaigiKeyboardExtension;
				INFOPLIST_KEY_NSHumanReadableCopyright = "";
				LD_RUNPATH_SEARCH_PATHS = (
					"$(inherited)",
					"@executable_path/Frameworks",
					"@executable_path/../../Frameworks",
				);
				MARKETING_VERSION = 3.3.1;
				PRODUCT_BUNDLE_IDENTIFIER = com.siansiansu.TaigiKeyboard.TaigiKeyboardExtension;
				PRODUCT_NAME = "$(TARGET_NAME)";
				SKIP_INSTALL = YES;
				SWIFT_EMIT_LOC_STRINGS = YES;
				SWIFT_VERSION = 5.0;
				TARGETED_DEVICE_FAMILY = "1,2";
			};
			name = Debug;
		};
		F3264F722E523B37002E99A4 /* Release */ = {
			isa = XCBuildConfiguration;
			buildSettings = {
				CODE_SIGN_ENTITLEMENTS = Sources/TaigiKeyboardExtension.entitlements;
				CODE_SIGN_STYLE = Automatic;
				CURRENT_PROJECT_VERSION = 1;
				DEVELOPMENT_TEAM = 257NDUUBD3;
				GENERATE_INFOPLIST_FILE = NO;
				INFOPLIST_FILE = Sources/TaigiKeyboard/_Keyboard/Info.plist;
				INFOPLIST_KEY_CFBundleDisplayName = TaigiKeyboardExtension;
				INFOPLIST_KEY_NSHumanReadableCopyright = "";
				LD_RUNPATH_SEARCH_PATHS = (
					"$(inherited)",
					"@executable_path/Frameworks",
					"@executable_path/../../Frameworks",
				);
				MARKETING_VERSION = 3.3.1;
				PRODUCT_BUNDLE_IDENTIFIER = com.siansiansu.TaigiKeyboard.TaigiKeyboardExtension;
				PRODUCT_NAME = "$(TARGET_NAME)";
				SKIP_INSTALL = YES;
				SWIFT_EMIT_LOC_STRINGS = YES;
				SWIFT_VERSION = 5.0;
				TARGETED_DEVICE_FAMILY = "1,2";
			};
			name = Release;
		};
/* End XCBuildConfiguration section */

/* Begin XCConfigurationList section */
		F3026C0E2E2DFEA8002F7E94 /* Build configuration list for PBXProject "TaigiKeyboard" */ = {
			isa = XCConfigurationList;
			buildConfigurations = (
				F3026C322E2DFEA9002F7E94 /* Debug */,
				F3026C332E2DFEA9002F7E94 /* Release */,
			);
			defaultConfigurationIsVisible = 0;
			defaultConfigurationName = Release;
		};
		F3264F142E5238AE002E99A4 /* Build configuration list for PBXNativeTarget "TaigiKeyboard" */ = {
			isa = XCConfigurationList;
			buildConfigurations = (
				F3264F122E5238AE002E99A4 /* Debug */,
				F3264F132E5238AE002E99A4 /* Release */,
			);
			defaultConfigurationIsVisible = 0;
			defaultConfigurationName = Release;
		};
		F3264F702E523B37002E99A4 /* Build configuration list for PBXNativeTarget "TaigiKeyboardExtension" */ = {
			isa = XCConfigurationList;
			buildConfigurations = (
				F3264F712E523B37002E99A4 /* Debug */,
				F3264F722E523B37002E99A4 /* Release */,
			);
			defaultConfigurationIsVisible = 0;
			defaultConfigurationName = Release;
		};
/* End XCConfigurationList section */

/* Begin XCRemoteSwiftPackageReference section */
		2A3B2A9C2ED81EB500317D6D /* XCRemoteSwiftPackageReference "ISEmojiView" */ = {
			isa = XCRemoteSwiftPackageReference;
			repositoryURL = "https://github.com/taigikeyboard/ISEmojiView";
			requirement = {
				kind = exactVersion;
				version = 9.3.6;
			};
		};
		F3026C4E2E2DFF19002F7E94 /* XCRemoteSwiftPackageReference "KeyboardKit" */ = {
			isa = XCRemoteSwiftPackageReference;
			repositoryURL = "https://github.com/KeyboardKit/KeyboardKit.git";
			requirement = {
				kind = upToNextMajorVersion;
				minimumVersion = 9.7.2;
			};
		};
/* End XCRemoteSwiftPackageReference section */

/* Begin XCSwiftPackageProductDependency section */
		2A3B2A9D2ED81EB500317D6D /* ISEmojiView */ = {
			isa = XCSwiftPackageProductDependency;
			package = 2A3B2A9C2ED81EB500317D6D /* XCRemoteSwiftPackageReference "ISEmojiView" */;
			productName = ISEmojiView;
		};
		2A3B2A9F2ED81ECB00317D6D /* ISEmojiView */ = {
			isa = XCSwiftPackageProductDependency;
			package = 2A3B2A9C2ED81EB500317D6D /* XCRemoteSwiftPackageReference "ISEmojiView" */;
			productName = ISEmojiView;
		};
		F3264F8B2E523BCF002E99A4 /* KeyboardKit */ = {
			isa = XCSwiftPackageProductDependency;
			package = F3026C4E2E2DFF19002F7E94 /* XCRemoteSwiftPackageReference "KeyboardKit" */;
			productName = KeyboardKit;
		};
		F32651AA2E5247FA002E99A4 /* KeyboardKit */ = {
			isa = XCSwiftPackageProductDependency;
			package = F3026C4E2E2DFF19002F7E94 /* XCRemoteSwiftPackageReference "KeyboardKit" */;
			productName = KeyboardKit;
		};
/* End XCSwiftPackageProductDependency section */
	};
	rootObject = F3026C0B2E2DFEA8002F7E94 /* Project object */;
}
